{
  "pid": 11108,
  "startedAt": "2026-03-13T06:08:27.363Z",
  "unitType": "research-slice",
  "unitId": "M001/S01",
  "unitStartedAt": "2026-03-13T06:08:27.363Z",
  "completedUnits": 0,
  "sessionFile": "C:\\Users\\HP\\.gsd\\sessions\\--C--Users-HP-Documents-Koding-Runsmart-runsmart--\\2026-03-13T06-08-27-361Z_69c95694-9bdc-48b3-98af-72a442286c5f.jsonl"
}